{
  "version": 4,
  "terraform_version": "1.11.0",
  "serial": 17,
  "lineage": "348ecbdb-f806-1f08-c28c-e5a09a52db2b",
  "outputs": {},
  "resources": [
    {
      "mode": "managed",
      "type": "tfe_oauth_client",
      "name": "test",
      "provider": "provider[\"registry.terraform.io/hashicorp/tfe\"]",
      "instances": [
        {
          "schema_version": 0,
          "attributes": {
            "agent_pool_id": null,
            "api_url": "https://api.github.com",
            "http_url": "https://github.com",
            "id": "oc-4aL8meztbzSrZzew",
            "key": null,
            "name": null,
            "oauth_token": "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",
            "oauth_token_id": "ot-tGP2Hx6yjz2s5wBs",
            "organization": "Dragon_Land",
            "organization_scoped": true,
            "private_key": null,
            "rsa_public_key": null,
            "secret": null,
            "service_provider": "github"
          },
          "sensitive_attributes": [
            [
              {
                "type": "get_attr",
                "value": "private_key"
              }
            ],
            [
              {
                "type": "get_attr",
                "value": "secret"
              }
            ],
            [
              {
                "type": "get_attr",
                "value": "key"
              }
            ],
            [
              {
                "type": "get_attr",
                "value": "oauth_token"
              }
            ]
          ],
          "private": "bnVsbA=="
        }
      ]
    },
    {
      "mode": "managed",
      "type": "tfe_project",
      "name": "marina_project_2",
      "provider": "provider[\"registry.terraform.io/hashicorp/tfe\"]",
      "instances": [
        {
          "schema_version": 0,
          "attributes": {
            "auto_destroy_activity_duration": null,
            "description": "",
            "id": "prj-8HCsodx3CBZNysf1",
            "name": "Marina_Project_2",
            "organization": "Dragon_Land"
          },
          "sensitive_attributes": [],
          "private": "bnVsbA=="
        }
      ]
    },
    {
      "mode": "managed",
      "type": "tfe_variable",
      "name": "Variable_Dragon",
      "provider": "provider[\"registry.terraform.io/hashicorp/tfe\"]",
      "instances": [
        {
          "schema_version": 1,
          "attributes": {
            "category": "terraform",
            "description": "My favourite dragon",
            "hcl": false,
            "id": "var-bobmrtK1fM4sY6TQ",
            "key": "dragon_variable",
            "readable_value": "my_fire_breathing_dragon",
            "sensitive": false,
            "value": "my_fire_breathing_dragon",
            "variable_set_id": "varset-x7TkHEdbZQgciR4z",
            "workspace_id": null
          },
          "sensitive_attributes": [
            [
              {
                "type": "get_attr",
                "value": "value"
              }
            ]
          ],
          "dependencies": [
            "tfe_variable_set.Variable_Set"
          ]
        }
      ]
    },
    {
      "mode": "managed",
      "type": "tfe_variable",
      "name": "Variable_Kraken",
      "provider": "provider[\"registry.terraform.io/hashicorp/tfe\"]",
      "instances": [
        {
          "schema_version": 1,
          "attributes": {
            "category": "env",
            "description": "My favourite kraken",
            "hcl": false,
            "id": "var-QRypJY3QmhnKQds4",
            "key": "kraken_variable",
            "readable_value": "my_sea_monster",
            "sensitive": false,
            "value": "my_sea_monster",
            "variable_set_id": "varset-x7TkHEdbZQgciR4z",
            "workspace_id": null
          },
          "sensitive_attributes": [
            [
              {
                "type": "get_attr",
                "value": "value"
              }
            ]
          ],
          "dependencies": [
            "tfe_variable_set.Variable_Set"
          ]
        }
      ]
    },
    {
      "mode": "managed",
      "type": "tfe_variable_set",
      "name": "Variable_Set",
      "provider": "provider[\"registry.terraform.io/hashicorp/tfe\"]",
      "instances": [
        {
          "schema_version": 0,
          "attributes": {
            "description": "Varset for HashiCorp Interview",
            "global": false,
            "id": "varset-x7TkHEdbZQgciR4z",
            "name": "Varset_task2",
            "organization": "Dragon_Land",
            "parent_project_id": null,
            "priority": false,
            "workspace_ids": []
          },
          "sensitive_attributes": [],
          "private": "bnVsbA=="
        }
      ]
    }
  ],
  "check_results": null
}
